
Microsoft Visual Studio Solution File, Format Version 12.00
# Visual Studio Version 17
VisualStudioVersion = 17.13.35913.81
MinimumVisualStudioVersion = 10.0.40219.1
Project("{FAE04EC0-301F-11D3-BF4B-00C04F79EFBC}") = "ChordDraw", "ChordDraw\ChordDraw.csproj", "{0622085D-EB52-41D1-AA74-EC305A1984F5}"
EndProject
Project("{FAE04EC0-301F-11D3-BF4B-00C04F79EFBC}") = "Chorderator", "Chorderator\Chorderator.csproj", "{0D895F89-42DF-4469-A287-B89A75BDD9B6}"
EndProject
Global
	GlobalSection(SolutionConfigurationPlatforms) = preSolution
		Debug|Any CPU = Debug|Any CPU
		Release|Any CPU = Release|Any CPU
	EndGlobalSection
	GlobalSection(ProjectConfigurationPlatforms) = postSolution
		{0622085D-EB52-41D1-AA74-EC305A1984F5}.Debug|Any CPU.ActiveCfg = Debug|Any CPU
		{0622085D-EB52-41D1-AA74-EC305A1984F5}.Debug|Any CPU.Build.0 = Debug|Any CPU
		{0622085D-EB52-41D1-AA74-EC305A1984F5}.Release|Any CPU.ActiveCfg = Release|Any CPU
		{0622085D-EB52-41D1-AA74-EC305A1984F5}.Release|Any CPU.Build.0 = Release|Any CPU
		{0D895F89-42DF-4469-A287-B89A75BDD9B6}.Debug|Any CPU.ActiveCfg = Debug|Any CPU
		{0D895F89-42DF-4469-A287-B89A75BDD9B6}.Debug|Any CPU.Build.0 = Debug|Any CPU
		{0D895F89-42DF-4469-A287-B89A75BDD9B6}.Release|Any CPU.ActiveCfg = Release|Any CPU
		{0D895F89-42DF-4469-A287-B89A75BDD9B6}.Release|Any CPU.Build.0 = Release|Any CPU
	EndGlobalSection
	GlobalSection(SolutionProperties) = preSolution
		HideSolutionNode = FALSE
	EndGlobalSection
	GlobalSection(ExtensibilityGlobals) = postSolution
		SolutionGuid = {7C9EAC45-C6FE-4C99-91E2-D602CD7FE777}
	EndGlobalSection
EndGlobal
